
Microsoft Visual Studio Solution File, Format Version 12.00
# Visual Studio Version 16
VisualStudioVersion = 16.0.31321.278
MinimumVisualStudioVersion = 10.0.40219.1
Project("{FAE04EC0-301F-11D3-BF4B-00C04F79EFBC}") = "ItextoOcrTest", "ItextoOcrTest.csproj", "{8676B94C-FC36-4E02-BB55-0733E6B850F2}"
EndProject
Global
	GlobalSection(SolutionConfigurationPlatforms) = preSolution
		Debug|Any CPU = Debug|Any CPU
		Release|Any CPU = Release|Any CPU
	EndGlobalSection
	GlobalSection(ProjectConfigurationPlatforms) = postSolution
		{8676B94C-FC36-4E02-BB55-0733E6B850F2}.Debug|Any CPU.ActiveCfg = Debug|Any CPU
		{8676B94C-FC36-4E02-BB55-0733E6B850F2}.Debug|Any CPU.Build.0 = Debug|Any CPU
		{8676B94C-FC36-4E02-BB55-0733E6B850F2}.Release|Any CPU.ActiveCfg = Release|Any CPU
		{8676B94C-FC36-4E02-BB55-0733E6B850F2}.Release|Any CPU.Build.0 = Release|Any CPU
	EndGlobalSection
	GlobalSection(SolutionProperties) = preSolution
		HideSolutionNode = FALSE
	EndGlobalSection
	GlobalSection(ExtensibilityGlobals) = postSolution
		SolutionGuid = {DD6D42BE-A47F-4E5A-9280-7E9822B2572B}
	EndGlobalSection
EndGlobal
